# THIS IS AN AUTOGENERATED FILE. DO NOT EDIT THIS FILE DIRECTLY.
# yarn lockfile v1


"@dimforge/rapier3d-compat@^0.11.2":
  version "0.11.2"
  resolved "https://registry.yarnpkg.com/@dimforge/rapier3d-compat/-/rapier3d-compat-0.11.2.tgz#ae2b335f545decf1e82ff45bb10368e143de0fcb"
  integrity sha512-vdWmlkpS3G8nGAzLuK7GYTpNdrkn/0NKCe0l1Jqxc7ZZOB3N0q9uG/Ap9l9bothWuAvxscIt0U97GVLr0lXWLg==

"@game/shared@github:lmf-git/conquestv4-shared#e5b241cd9ac509b335fcec904957b1d8711ef204":
  version "1.0.0"
  resolved "https://codeload.github.com/lmf-git/conquestv4-shared/tar.gz/e5b241cd9ac509b335fcec904957b1d8711ef204"
  dependencies:
    "@dimforge/rapier3d-compat" "^0.11.2"

ws@^8.14.0:
  version "8.18.2"
  resolved "https://registry.yarnpkg.com/ws/-/ws-8.18.2.tgz#42738b2be57ced85f46154320aabb51ab003705a"
  integrity sha512-DMricUmwGZUVr++AEAe2uiVM7UoO9MAVZMDu05UQOaUII0lp+zOzLLU4Xqh/JvTqklB1T4uELaaPBKyjE1r4fQ==
