# THIS IS AN AUTOGENERATED FILE. DO NOT EDIT THIS FILE DIRECTLY.
# yarn lockfile v1


"@dimforge/rapier3d-compat@^0.11.2":
  version "0.11.2"
  resolved "https://registry.yarnpkg.com/@dimforge/rapier3d-compat/-/rapier3d-compat-0.11.2.tgz#ae2b335f545decf1e82ff45bb10368e143de0fcb"
  integrity sha512-vdWmlkpS3G8nGAzLuK7GYTpNdrkn/0NKCe0l1Jqxc7ZZOB3N0q9uG/Ap9l9bothWuAvxscIt0U97GVLr0lXWLg==

"@game/shared@https://github.com/the-coop/coop-shared#main":
  version "1.0.0"
  resolved "https://github.com/the-coop/coop-shared#f091a80e53576ed646e33629e8353eb5f361f854"
  dependencies:
    "@dimforge/rapier3d-compat" "^0.11.2"

"@gltf-transform/core@^3.0.0", "@gltf-transform/core@^3.10.1":
  version "3.10.1"
  resolved "https://registry.yarnpkg.com/@gltf-transform/core/-/core-3.10.1.tgz#d99c060b499482ed2c3304466405bf4c10939831"
  integrity sha512-50OYemknGNxjBmiOM6iJp04JAu0bl9jvXJfN/gFt9QdJO02cPDcoXlTfSPJG6TVWDcfl0xPlsx1vybcbPVGFcQ==
  dependencies:
    property-graph "^1.3.1"

"@gltf-transform/extensions@^3.0.0":
  version "3.10.1"
  resolved "https://registry.yarnpkg.com/@gltf-transform/extensions/-/extensions-3.10.1.tgz#71664389cae46fb12eb97dc71eb96d86a0d7801f"
  integrity sha512-xUS9K5fMvW2dkYN4VzxHg2aBPG54M2WqgIjQ7RoSyybMoD7DsPUyMyVgRja+aiTVt/Bxza2ve7zJBD3+tN+aTA==
  dependencies:
    "@gltf-transform/core" "^3.10.1"
    ktx-parse "^0.6.0"

ktx-parse@^0.6.0:
  version "0.6.0"
  resolved "https://registry.yarnpkg.com/ktx-parse/-/ktx-parse-0.6.0.tgz#69e12a511cf345546da27b5b046182f5f31f68f9"
  integrity sha512-hYOJUI86N9+YPm0M3t8hVzW9t5FnFFibRalZCrqHs/qM2eNziqQzBtAaF0ErgkXm8F+5uE8CjPUYr32vWlXLkQ==

property-graph@^1.3.1:
  version "1.3.1"
  resolved "https://registry.yarnpkg.com/property-graph/-/property-graph-1.3.1.tgz#25fb2c8040ba9b15f04cda90a443f3f844505293"
  integrity sha512-gei3N/bHWJdCItJ4blnlGWd9iauEZI+JZYj/A0D177XSI01+QhiJGAVscYBhe3Yywow3A2QJzVtsO2P+UgrRRQ==

ws@^8.16.0:
  version "8.18.2"
  resolved "https://registry.yarnpkg.com/ws/-/ws-8.18.2.tgz#42738b2be57ced85f46154320aabb51ab003705a"
  integrity sha512-DMricUmwGZUVr++AEAe2uiVM7UoO9MAVZMDu05UQOaUII0lp+zOzLLU4Xqh/JvTqklB1T4uELaaPBKyjE1r4fQ==
